
Microsoft Visual Studio Solution File, Format Version 12.00
# Visual Studio Version 17
VisualStudioVersion = 17.7.34018.315
MinimumVisualStudioVersion = 10.0.40219.1
Project("{2150E333-8FDC-42A3-9474-1A3956D46DE8}") = "src", "src", "{400AF89D-D652-459E-B654-C98A70C7D5BC}"
EndProject
Project("{2150E333-8FDC-42A3-9474-1A3956D46DE8}") = "tests", "tests", "{FE45D416-1870-40D8-B93A-D3DE96057816}"
EndProject
Project("{2150E333-8FDC-42A3-9474-1A3956D46DE8}") = "Web", "Web", "{8A2A0DFC-F224-4378-A0C2-4CA804B0D75D}"
EndProject
Project("{2150E333-8FDC-42A3-9474-1A3956D46DE8}") = "Core", "Core", "{085DEDF8-972A-4B8B-AEBC-6C9ECFA464DA}"
EndProject
Project("{2150E333-8FDC-42A3-9474-1A3956D46DE8}") = "Infrastructure", "Infrastructure", "{0158CA20-E9E4-41AE-8798-BF9FA00932E0}"
EndProject
Project("{FAE04EC0-301F-11D3-BF4B-00C04F79EFBC}") = "Domain", "src\Core\Domain\Domain.csproj", "{DF462F2B-5BA9-43AE-BBFE-A2F217216617}"
EndProject
Project("{FAE04EC0-301F-11D3-BF4B-00C04F79EFBC}") = "Service", "src\Core\Service\Service.csproj", "{6F017FC3-5470-420C-B877-AC94881A1E43}"
EndProject
Project("{FAE04EC0-301F-11D3-BF4B-00C04F79EFBC}") = "Service.Contracts", "src\Core\Service.Contracts\Service.Contracts.csproj", "{2A7F1654-0694-44D7-A740-9B95D06B4D23}"
EndProject
Project("{FAE04EC0-301F-11D3-BF4B-00C04F79EFBC}") = "Shared", "src\Core\Shared\Shared.csproj", "{BC20B15D-2B13-4F65-8C2C-A982EA148800}"
EndProject
Project("{FAE04EC0-301F-11D3-BF4B-00C04F79EFBC}") = "Persistence", "src\Infrastructure\Persistence\Persistence.csproj", "{D57F00DC-AFBA-4147-A230-96F438C91F1C}"
EndProject
Project("{FAE04EC0-301F-11D3-BF4B-00C04F79EFBC}") = "Presentation", "src\Infrastructure\Presentation\Presentation.csproj", "{D47D2A21-755E-43ED-895E-E4B696BF05D7}"
EndProject
Project("{FAE04EC0-301F-11D3-BF4B-00C04F79EFBC}") = "WebApi", "src\Web\WebApi\WebApi.csproj", "{BE599726-5662-4CC3-B6BA-1B9EF4E86B47}"
EndProject
Global
	GlobalSection(SolutionConfigurationPlatforms) = preSolution
		Debug|Any CPU = Debug|Any CPU
		Release|Any CPU = Release|Any CPU
	EndGlobalSection
	GlobalSection(ProjectConfigurationPlatforms) = postSolution
		{DF462F2B-5BA9-43AE-BBFE-A2F217216617}.Debug|Any CPU.ActiveCfg = Debug|Any CPU
		{DF462F2B-5BA9-43AE-BBFE-A2F217216617}.Debug|Any CPU.Build.0 = Debug|Any CPU
		{DF462F2B-5BA9-43AE-BBFE-A2F217216617}.Release|Any CPU.ActiveCfg = Release|Any CPU
		{DF462F2B-5BA9-43AE-BBFE-A2F217216617}.Release|Any CPU.Build.0 = Release|Any CPU
		{6F017FC3-5470-420C-B877-AC94881A1E43}.Debug|Any CPU.ActiveCfg = Debug|Any CPU
		{6F017FC3-5470-420C-B877-AC94881A1E43}.Debug|Any CPU.Build.0 = Debug|Any CPU
		{6F017FC3-5470-420C-B877-AC94881A1E43}.Release|Any CPU.ActiveCfg = Release|Any CPU
		{6F017FC3-5470-420C-B877-AC94881A1E43}.Release|Any CPU.Build.0 = Release|Any CPU
		{2A7F1654-0694-44D7-A740-9B95D06B4D23}.Debug|Any CPU.ActiveCfg = Debug|Any CPU
		{2A7F1654-0694-44D7-A740-9B95D06B4D23}.Debug|Any CPU.Build.0 = Debug|Any CPU
		{2A7F1654-0694-44D7-A740-9B95D06B4D23}.Release|Any CPU.ActiveCfg = Release|Any CPU
		{2A7F1654-0694-44D7-A740-9B95D06B4D23}.Release|Any CPU.Build.0 = Release|Any CPU
		{BC20B15D-2B13-4F65-8C2C-A982EA148800}.Debug|Any CPU.ActiveCfg = Debug|Any CPU
		{BC20B15D-2B13-4F65-8C2C-A982EA148800}.Debug|Any CPU.Build.0 = Debug|Any CPU
		{BC20B15D-2B13-4F65-8C2C-A982EA148800}.Release|Any CPU.ActiveCfg = Release|Any CPU
		{BC20B15D-2B13-4F65-8C2C-A982EA148800}.Release|Any CPU.Build.0 = Release|Any CPU
		{D57F00DC-AFBA-4147-A230-96F438C91F1C}.Debug|Any CPU.ActiveCfg = Debug|Any CPU
		{D57F00DC-AFBA-4147-A230-96F438C91F1C}.Debug|Any CPU.Build.0 = Debug|Any CPU
		{D57F00DC-AFBA-4147-A230-96F438C91F1C}.Release|Any CPU.ActiveCfg = Release|Any CPU
		{D57F00DC-AFBA-4147-A230-96F438C91F1C}.Release|Any CPU.Build.0 = Release|Any CPU
		{D47D2A21-755E-43ED-895E-E4B696BF05D7}.Debug|Any CPU.ActiveCfg = Debug|Any CPU
		{D47D2A21-755E-43ED-895E-E4B696BF05D7}.Debug|Any CPU.Build.0 = Debug|Any CPU
		{D47D2A21-755E-43ED-895E-E4B696BF05D7}.Release|Any CPU.ActiveCfg = Release|Any CPU
		{D47D2A21-755E-43ED-895E-E4B696BF05D7}.Release|Any CPU.Build.0 = Release|Any CPU
		{BE599726-5662-4CC3-B6BA-1B9EF4E86B47}.Debug|Any CPU.ActiveCfg = Debug|Any CPU
		{BE599726-5662-4CC3-B6BA-1B9EF4E86B47}.Debug|Any CPU.Build.0 = Debug|Any CPU
		{BE599726-5662-4CC3-B6BA-1B9EF4E86B47}.Release|Any CPU.ActiveCfg = Release|Any CPU
		{BE599726-5662-4CC3-B6BA-1B9EF4E86B47}.Release|Any CPU.Build.0 = Release|Any CPU
	EndGlobalSection
	GlobalSection(SolutionProperties) = preSolution
		HideSolutionNode = FALSE
	EndGlobalSection
	GlobalSection(NestedProjects) = preSolution
		{8A2A0DFC-F224-4378-A0C2-4CA804B0D75D} = {400AF89D-D652-459E-B654-C98A70C7D5BC}
		{085DEDF8-972A-4B8B-AEBC-6C9ECFA464DA} = {400AF89D-D652-459E-B654-C98A70C7D5BC}
		{0158CA20-E9E4-41AE-8798-BF9FA00932E0} = {400AF89D-D652-459E-B654-C98A70C7D5BC}
		{DF462F2B-5BA9-43AE-BBFE-A2F217216617} = {085DEDF8-972A-4B8B-AEBC-6C9ECFA464DA}
		{6F017FC3-5470-420C-B877-AC94881A1E43} = {085DEDF8-972A-4B8B-AEBC-6C9ECFA464DA}
		{2A7F1654-0694-44D7-A740-9B95D06B4D23} = {085DEDF8-972A-4B8B-AEBC-6C9ECFA464DA}
		{BC20B15D-2B13-4F65-8C2C-A982EA148800} = {085DEDF8-972A-4B8B-AEBC-6C9ECFA464DA}
		{D57F00DC-AFBA-4147-A230-96F438C91F1C} = {0158CA20-E9E4-41AE-8798-BF9FA00932E0}
		{D47D2A21-755E-43ED-895E-E4B696BF05D7} = {0158CA20-E9E4-41AE-8798-BF9FA00932E0}
		{BE599726-5662-4CC3-B6BA-1B9EF4E86B47} = {8A2A0DFC-F224-4378-A0C2-4CA804B0D75D}
	EndGlobalSection
	GlobalSection(ExtensibilityGlobals) = postSolution
		SolutionGuid = {438E8B8B-56EA-476F-B0A2-485AB777E7F1}
	EndGlobalSection
EndGlobal
